
Microsoft Visual Studio Solution File, Format Version 12.00
# Visual Studio Version 16
VisualStudioVersion = 16.0.30503.244
MinimumVisualStudioVersion = 10.0.40219.1
Project("{9A19103F-16F7-4668-BE54-9A1E7A4F7556}") = "WebApplication1", "WebApplication1\WebApplication1.csproj", "{CBFF42AE-537F-4148-9091-3A0FE649121E}"
EndProject
Project("{FAE04EC0-301F-11D3-BF4B-00C04F79EFBC}") = "WebApp.Data", "WebApp.Data\WebApp.Data.csproj", "{B49386CC-D0EF-405D-B08F-931D329DE849}"
EndProject
Global
	GlobalSection(SolutionConfigurationPlatforms) = preSolution
		Debug|Any CPU = Debug|Any CPU
		Release|Any CPU = Release|Any CPU
	EndGlobalSection
	GlobalSection(ProjectConfigurationPlatforms) = postSolution
		{CBFF42AE-537F-4148-9091-3A0FE649121E}.Debug|Any CPU.ActiveCfg = Debug|Any CPU
		{CBFF42AE-537F-4148-9091-3A0FE649121E}.Debug|Any CPU.Build.0 = Debug|Any CPU
		{CBFF42AE-537F-4148-9091-3A0FE649121E}.Release|Any CPU.ActiveCfg = Release|Any CPU
		{CBFF42AE-537F-4148-9091-3A0FE649121E}.Release|Any CPU.Build.0 = Release|Any CPU
		{B49386CC-D0EF-405D-B08F-931D329DE849}.Debug|Any CPU.ActiveCfg = Debug|Any CPU
		{B49386CC-D0EF-405D-B08F-931D329DE849}.Debug|Any CPU.Build.0 = Debug|Any CPU
		{B49386CC-D0EF-405D-B08F-931D329DE849}.Release|Any CPU.ActiveCfg = Release|Any CPU
		{B49386CC-D0EF-405D-B08F-931D329DE849}.Release|Any CPU.Build.0 = Release|Any CPU
	EndGlobalSection
	GlobalSection(SolutionProperties) = preSolution
		HideSolutionNode = FALSE
	EndGlobalSection
	GlobalSection(ExtensibilityGlobals) = postSolution
		SolutionGuid = {038F7652-6FE9-4EB2-A6EB-F7E0551D3ABD}
	EndGlobalSection
EndGlobal
